
Microsoft Visual Studio Solution File, Format Version 12.00
# Visual Studio Version 17
VisualStudioVersion = 17.9.34701.34
MinimumVisualStudioVersion = 10.0.40219.1
Project("{9A19103F-16F7-4668-BE54-9A1E7A4F7556}") = "BlindCatCore", "BlindCatCore\BlindCatCore.csproj", "{D04F88CF-FAA8-447D-9639-894EAD429EE4}"
EndProject
Project("{9A19103F-16F7-4668-BE54-9A1E7A4F7556}") = "BlindCatData", "BlindCatData\BlindCatData.csproj", "{15EECC12-629A-4B31-82C1-DB85B4FD3E99}"
EndProject
Project("{2150E333-8FDC-42A3-9474-1A3956D46DE8}") = "Libs", "Libs", "{23A31F02-6F1A-4B04-8252-1BC1E21DD9C2}"
EndProject
Project("{9A19103F-16F7-4668-BE54-9A1E7A4F7556}") = "QTFastStart", "Libs\QTFastStart\QTFastStart.csproj", "{9EB40D1A-53BA-487D-8285-5E70F460E605}"
EndProject
Project("{9A19103F-16F7-4668-BE54-9A1E7A4F7556}") = "BlindCatAvalonia", "BlindCatAvalonia\BlindCatAvalonia.csproj", "{A2425EAB-E329-42CB-A205-E382C5BC67A5}"
EndProject
Project("{9A19103F-16F7-4668-BE54-9A1E7A4F7556}") = "BlindCatAvalonia.Windows", "BlindCatAvalonia.Windows\BlindCatAvalonia.Windows.csproj", "{854C8205-46B6-41FF-AFC8-95E0897445B4}"
EndProject
Project("{2150E333-8FDC-42A3-9474-1A3956D46DE8}") = "Core", "Core", "{71E485BD-E621-4171-A37B-E324A7149B9F}"
EndProject
Project("{2150E333-8FDC-42A3-9474-1A3956D46DE8}") = "FFMpegLib", "FFMpegLib", "{404E7B9B-074F-4F95-85AE-4640629EC06D}"
EndProject
Project("{9A19103F-16F7-4668-BE54-9A1E7A4F7556}") = "FFmpeg.AutoGen.Abstractions", "Libs\FFMpegLib\FFmpeg.AutoGen.Abstractions\FFmpeg.AutoGen.Abstractions.csproj", "{1E47CFC9-83EA-44B9-98FB-0FCFB106A571}"
EndProject
Project("{9A19103F-16F7-4668-BE54-9A1E7A4F7556}") = "FFmpeg.AutoGen.Bindings.DynamicallyLinked", "Libs\FFMpegLib\FFmpeg.AutoGen.Bindings.DynamicallyLinked\FFmpeg.AutoGen.Bindings.DynamicallyLinked.csproj", "{F060AF52-BFC4-41C8-AC72-825BC4ABFBCC}"
EndProject
Project("{9A19103F-16F7-4668-BE54-9A1E7A4F7556}") = "FFmpeg.AutoGen.Bindings.DynamicallyLoaded", "Libs\FFMpegLib\FFmpeg.AutoGen.Bindings.DynamicallyLoaded\FFmpeg.AutoGen.Bindings.DynamicallyLoaded.csproj", "{BE0C875E-4B5E-48D8-B042-0AD9C26D6543}"
EndProject
Project("{9A19103F-16F7-4668-BE54-9A1E7A4F7556}") = "FFmpeg.AutoGen.Bindings.StaticallyLinked", "Libs\FFMpegLib\FFmpeg.AutoGen.Bindings.StaticallyLinked\FFmpeg.AutoGen.Bindings.StaticallyLinked.csproj", "{3DCA3F40-77BF-4CD3-A022-84C6F24D8BEA}"
EndProject
Project("{9A19103F-16F7-4668-BE54-9A1E7A4F7556}") = "FFMpegDll", "Libs\FFMpegLib\FFMpegDll\FFMpegDll.csproj", "{279DA1F1-F707-411E-BEAF-3A487AB18498}"
EndProject
Project("{FAE04EC0-301F-11D3-BF4B-00C04F79EFBC}") = "BlindCatAvalonia.Linux", "BlindCatAvalonia.Linux\BlindCatAvalonia.Linux.csproj", "{7317B080-823B-47D7-B034-5A392EB12A7E}"
EndProject
Project("{FAE04EC0-301F-11D3-BF4B-00C04F79EFBC}") = "BlindCatMauiMobile", "BlindCatMauiMobile\BlindCatMauiMobile.csproj", "{B5555098-2231-4BC5-9613-B0A7567BC21B}"
EndProject
Global
	GlobalSection(SolutionConfigurationPlatforms) = preSolution
		Debug|Any CPU = Debug|Any CPU
		Release|Any CPU = Release|Any CPU
	EndGlobalSection
	GlobalSection(ProjectConfigurationPlatforms) = postSolution
		{D04F88CF-FAA8-447D-9639-894EAD429EE4}.Debug|Any CPU.ActiveCfg = Debug|Any CPU
		{D04F88CF-FAA8-447D-9639-894EAD429EE4}.Debug|Any CPU.Build.0 = Debug|Any CPU
		{D04F88CF-FAA8-447D-9639-894EAD429EE4}.Release|Any CPU.ActiveCfg = Release|Any CPU
		{D04F88CF-FAA8-447D-9639-894EAD429EE4}.Release|Any CPU.Build.0 = Release|Any CPU
		{15EECC12-629A-4B31-82C1-DB85B4FD3E99}.Debug|Any CPU.ActiveCfg = Debug|Any CPU
		{15EECC12-629A-4B31-82C1-DB85B4FD3E99}.Debug|Any CPU.Build.0 = Debug|Any CPU
		{15EECC12-629A-4B31-82C1-DB85B4FD3E99}.Release|Any CPU.ActiveCfg = Release|Any CPU
		{15EECC12-629A-4B31-82C1-DB85B4FD3E99}.Release|Any CPU.Build.0 = Release|Any CPU
		{9EB40D1A-53BA-487D-8285-5E70F460E605}.Debug|Any CPU.ActiveCfg = Debug|Any CPU
		{9EB40D1A-53BA-487D-8285-5E70F460E605}.Debug|Any CPU.Build.0 = Debug|Any CPU
		{9EB40D1A-53BA-487D-8285-5E70F460E605}.Release|Any CPU.ActiveCfg = Release|Any CPU
		{9EB40D1A-53BA-487D-8285-5E70F460E605}.Release|Any CPU.Build.0 = Release|Any CPU
		{A2425EAB-E329-42CB-A205-E382C5BC67A5}.Debug|Any CPU.ActiveCfg = Debug|Any CPU
		{A2425EAB-E329-42CB-A205-E382C5BC67A5}.Debug|Any CPU.Build.0 = Debug|Any CPU
		{A2425EAB-E329-42CB-A205-E382C5BC67A5}.Release|Any CPU.ActiveCfg = Release|Any CPU
		{A2425EAB-E329-42CB-A205-E382C5BC67A5}.Release|Any CPU.Build.0 = Release|Any CPU
		{854C8205-46B6-41FF-AFC8-95E0897445B4}.Debug|Any CPU.ActiveCfg = Debug|Any CPU
		{854C8205-46B6-41FF-AFC8-95E0897445B4}.Debug|Any CPU.Build.0 = Debug|Any CPU
		{854C8205-46B6-41FF-AFC8-95E0897445B4}.Release|Any CPU.ActiveCfg = Release|Any CPU
		{854C8205-46B6-41FF-AFC8-95E0897445B4}.Release|Any CPU.Build.0 = Release|Any CPU
		{1E47CFC9-83EA-44B9-98FB-0FCFB106A571}.Debug|Any CPU.ActiveCfg = Debug|Any CPU
		{1E47CFC9-83EA-44B9-98FB-0FCFB106A571}.Debug|Any CPU.Build.0 = Debug|Any CPU
		{1E47CFC9-83EA-44B9-98FB-0FCFB106A571}.Release|Any CPU.ActiveCfg = Release|Any CPU
		{1E47CFC9-83EA-44B9-98FB-0FCFB106A571}.Release|Any CPU.Build.0 = Release|Any CPU
		{F060AF52-BFC4-41C8-AC72-825BC4ABFBCC}.Debug|Any CPU.ActiveCfg = Debug|Any CPU
		{F060AF52-BFC4-41C8-AC72-825BC4ABFBCC}.Debug|Any CPU.Build.0 = Debug|Any CPU
		{F060AF52-BFC4-41C8-AC72-825BC4ABFBCC}.Release|Any CPU.ActiveCfg = Release|Any CPU
		{F060AF52-BFC4-41C8-AC72-825BC4ABFBCC}.Release|Any CPU.Build.0 = Release|Any CPU
		{BE0C875E-4B5E-48D8-B042-0AD9C26D6543}.Debug|Any CPU.ActiveCfg = Debug|Any CPU
		{BE0C875E-4B5E-48D8-B042-0AD9C26D6543}.Debug|Any CPU.Build.0 = Debug|Any CPU
		{BE0C875E-4B5E-48D8-B042-0AD9C26D6543}.Release|Any CPU.ActiveCfg = Release|Any CPU
		{BE0C875E-4B5E-48D8-B042-0AD9C26D6543}.Release|Any CPU.Build.0 = Release|Any CPU
		{3DCA3F40-77BF-4CD3-A022-84C6F24D8BEA}.Debug|Any CPU.ActiveCfg = Debug|Any CPU
		{3DCA3F40-77BF-4CD3-A022-84C6F24D8BEA}.Debug|Any CPU.Build.0 = Debug|Any CPU
		{3DCA3F40-77BF-4CD3-A022-84C6F24D8BEA}.Release|Any CPU.ActiveCfg = Release|Any CPU
		{3DCA3F40-77BF-4CD3-A022-84C6F24D8BEA}.Release|Any CPU.Build.0 = Release|Any CPU
		{279DA1F1-F707-411E-BEAF-3A487AB18498}.Debug|Any CPU.ActiveCfg = Debug|Any CPU
		{279DA1F1-F707-411E-BEAF-3A487AB18498}.Debug|Any CPU.Build.0 = Debug|Any CPU
		{279DA1F1-F707-411E-BEAF-3A487AB18498}.Release|Any CPU.ActiveCfg = Release|Any CPU
		{279DA1F1-F707-411E-BEAF-3A487AB18498}.Release|Any CPU.Build.0 = Release|Any CPU
		{7317B080-823B-47D7-B034-5A392EB12A7E}.Debug|Any CPU.ActiveCfg = Debug|Any CPU
		{7317B080-823B-47D7-B034-5A392EB12A7E}.Debug|Any CPU.Build.0 = Debug|Any CPU
		{7317B080-823B-47D7-B034-5A392EB12A7E}.Release|Any CPU.ActiveCfg = Release|Any CPU
		{7317B080-823B-47D7-B034-5A392EB12A7E}.Release|Any CPU.Build.0 = Release|Any CPU
		{B5555098-2231-4BC5-9613-B0A7567BC21B}.Debug|Any CPU.ActiveCfg = Debug|Any CPU
		{B5555098-2231-4BC5-9613-B0A7567BC21B}.Debug|Any CPU.Build.0 = Debug|Any CPU
		{B5555098-2231-4BC5-9613-B0A7567BC21B}.Release|Any CPU.ActiveCfg = Release|Any CPU
		{B5555098-2231-4BC5-9613-B0A7567BC21B}.Release|Any CPU.Build.0 = Release|Any CPU
	EndGlobalSection
	GlobalSection(SolutionProperties) = preSolution
		HideSolutionNode = FALSE
	EndGlobalSection
	GlobalSection(NestedProjects) = preSolution
		{D04F88CF-FAA8-447D-9639-894EAD429EE4} = {71E485BD-E621-4171-A37B-E324A7149B9F}
		{15EECC12-629A-4B31-82C1-DB85B4FD3E99} = {71E485BD-E621-4171-A37B-E324A7149B9F}
		{9EB40D1A-53BA-487D-8285-5E70F460E605} = {23A31F02-6F1A-4B04-8252-1BC1E21DD9C2}
		{404E7B9B-074F-4F95-85AE-4640629EC06D} = {23A31F02-6F1A-4B04-8252-1BC1E21DD9C2}
		{1E47CFC9-83EA-44B9-98FB-0FCFB106A571} = {404E7B9B-074F-4F95-85AE-4640629EC06D}
		{F060AF52-BFC4-41C8-AC72-825BC4ABFBCC} = {404E7B9B-074F-4F95-85AE-4640629EC06D}
		{BE0C875E-4B5E-48D8-B042-0AD9C26D6543} = {404E7B9B-074F-4F95-85AE-4640629EC06D}
		{3DCA3F40-77BF-4CD3-A022-84C6F24D8BEA} = {404E7B9B-074F-4F95-85AE-4640629EC06D}
		{279DA1F1-F707-411E-BEAF-3A487AB18498} = {404E7B9B-074F-4F95-85AE-4640629EC06D}
	EndGlobalSection
	GlobalSection(ExtensibilityGlobals) = postSolution
		SolutionGuid = {8B7C86FF-025B-4CB2-86EB-1F335E7F37BE}
	EndGlobalSection
EndGlobal
